<?xml version="1.0" encoding="utf-8"?>
<Project ToolsVersion="4.0" xmlns="http://schemas.microsoft.com/developer/msbuild/2003">
  <ItemGroup>
    <ClCompile Include="Entity.c" />
    <ClCompile Include="GameLevel.c" />
    <ClCompile Include="GameObject.c" />
    <ClCompile Include="Main_CS230.c" />
    <ClCompile Include="ParticleSystems(Redo).c" />
    <ClCompile Include="Audio.c">
      <Filter>Back End</Filter>
    </ClCompile>
    <ClCompile Include="conversions.c">
      <Filter>Back End</Filter>
    </ClCompile>
    <ClCompile Include="Graphics.c">
      <Filter>Back End</Filter>
    </ClCompile>
    <ClCompile Include="EnemyAnimations.c">
      <Filter>Enemies</Filter>
    </ClCompile>
    <ClCompile Include="Enemy.c">
      <Filter>Enemies</Filter>
    </ClCompile>
    <ClCompile Include="Button.c">
      <Filter>Menu/UI</Filter>
    </ClCompile>
    <ClCompile Include="DeathScreen.c">
      <Filter>Menu/UI</Filter>
    </ClCompile>
    <ClCompile Include="LevelManager.c">
      <Filter>Back End</Filter>
    </ClCompile>
    <ClCompile Include="Physics.c">
      <Filter>Physics</Filter>
    </ClCompile>
    <ClCompile Include="Collision.c">
      <Filter>Physics</Filter>
    </ClCompile>
    <ClCompile Include="SplashScreen.c">
      <Filter>Menu/UI</Filter>
    </ClCompile>
    <ClCompile Include="WinScreen.c">
      <Filter>Menu/UI</Filter>
    </ClCompile>
    <ClCompile Include="Vector2D.c">
      <Filter>Back End</Filter>
    </ClCompile>
    <ClCompile Include="TownScreen.c">
      <Filter>Menu/UI</Filter>
    </ClCompile>
    <ClCompile Include="MapGen.c">
      <Filter>MapGen</Filter>
    </ClCompile>
    <ClCompile Include="MapCreator.c">
      <Filter>MapGen</Filter>
    </ClCompile>
    <ClCompile Include="MyRandom.c">
      <Filter>MapGen</Filter>
    </ClCompile>
    <ClCompile Include="Dodge.c">
      <Filter>Player</Filter>
    </ClCompile>
    <ClCompile Include="PlayerEntity.c">
      <Filter>Player</Filter>
    </ClCompile>
    <ClCompile Include="Text.c">
      <Filter>Text</Filter>
    </ClCompile>
    <ClCompile Include="DamageNumbers.c">
      <Filter>Text</Filter>
    </ClCompile>
    <ClCompile Include="Door.c">
      <Filter>Environmental Objects</Filter>
    </ClCompile>
    <ClCompile Include="Hazard.c">
      <Filter>Environmental Objects</Filter>
    </ClCompile>
    <ClCompile Include="Gate.c">
      <Filter>Environmental Objects</Filter>
    </ClCompile>
    <ClCompile Include="EnemyAIMeleeBehavior.c">
      <Filter>Enemies\EnemyAI</Filter>
    </ClCompile>
    <ClCompile Include="EnemyStateMachine.c">
      <Filter>Enemies\EnemyAI</Filter>
    </ClCompile>
    <ClCompile Include="EnemyAIRangedBehavior.c">
      <Filter>Enemies\EnemyAI</Filter>
    </ClCompile>
    <ClCompile Include="EnemyStateMachine.c" />
    <ClCompile Include="EntityAnimation.c" />
    <ClCompile Include="MapRoomInfo.c" />
    <ClCompile Include="Compass.c">
      <Filter>Menu/UI</Filter>
    </ClCompile>
    <ClCompile Include="Matrix2D.c">
      <Filter>Back End</Filter>
    </ClCompile>
    <ClCompile Include="ControlScreen.c" />
    <ClCompile Include="CreditsScreen.c" />
    <ClCompile Include="EnemyAIMeleeBigBehavior.c">
      <Filter>Enemies\EnemyAI</Filter>
    </ClCompile>
    <ClCompile Include="MapLevelSpawning.c">
      <Filter>MapGen</Filter>
    </ClCompile>
    <ClCompile Include="Isometric.c">
      <Filter>MapGen</Filter>
    </ClCompile>
    <ClCompile Include="Cloud.c">
      <Filter>Environmental Objects</Filter>
    </ClCompile>
    <ClCompile Include="PlayerHUD.c">
      <Filter>Menu/UI</Filter>
    </ClCompile>
    <ClCompile Include="EnvironmentEffects.c">
      <Filter>Environmental Objects</Filter>
    </ClCompile>
    <ClCompile Include="FancyBackground.c">
      <Filter>Menu/UI</Filter>
    </ClCompile>
    <ClCompile Include="PlayerDeathTimer.c">
      <Filter>Player</Filter>
    </ClCompile>
    <ClCompile Include="EnvironmentAssets.c">
      <Filter>MapGen</Filter>
    </ClCompile>
    <ClCompile Include="PlayerSmoke.c">
      <Filter>Player</Filter>
    </ClCompile>
    <ClCompile Include="ColorFilter.c" />
    <ClCompile Include="EnemyAIMeleeChargerBehavior.c">
      <Filter>Enemies\EnemyAI</Filter>
    </ClCompile>
    <ClCompile Include="stats.c" />
    <ClCompile Include="LevelSelect.c">
      <Filter>Menu/UI</Filter>
    </ClCompile>
    <ClCompile Include="PlayerAnimations.c">
      <Filter>Player</Filter>
    </ClCompile>
    <ClCompile Include="EnemySpawnEffect.c">
      <Filter>Enemies</Filter>
    </ClCompile>
    <ClCompile Include="ScreenShake.c">
      <Filter>Player</Filter>
    </ClCompile>
    <ClCompile Include="HealthPickup.c" />
  </ItemGroup>
  <ItemGroup>
    <ClInclude Include="Entity.h" />
    <ClInclude Include="GameLevel.h" />
    <ClInclude Include="GameObject.h" />
    <ClInclude Include="ParticleSystems(Redo).h" />
    <ClInclude Include="Audio.h">
      <Filter>Back End</Filter>
    </ClInclude>
    <ClInclude Include="conversions.h">
      <Filter>Back End</Filter>
    </ClInclude>
    <ClInclude Include="Graphics.h">
      <Filter>Back End</Filter>
    </ClInclude>
    <ClInclude Include="EnemyAnimations.h">
      <Filter>Enemies</Filter>
    </ClInclude>
    <ClInclude Include="Enemy.h">
      <Filter>Enemies</Filter>
    </ClInclude>
    <ClInclude Include="Button.h">
      <Filter>Menu/UI</Filter>
    </ClInclude>
    <ClInclude Include="DeathScreen.h">
      <Filter>Menu/UI</Filter>
    </ClInclude>
    <ClInclude Include="LevelManager.h">
      <Filter>Back End</Filter>
    </ClInclude>
    <ClInclude Include="Physics.h">
      <Filter>Physics</Filter>
    </ClInclude>
    <ClInclude Include="Collision.h">
      <Filter>Physics</Filter>
    </ClInclude>
    <ClInclude Include="SplashScreen.h">
      <Filter>Menu/UI</Filter>
    </ClInclude>
    <ClInclude Include="WinScreen.h">
      <Filter>Menu/UI</Filter>
    </ClInclude>
    <ClInclude Include="Vector2D.h">
      <Filter>Back End</Filter>
    </ClInclude>
    <ClInclude Include="TownScreen.h">
      <Filter>Menu/UI</Filter>
    </ClInclude>
    <ClInclude Include="MapGen.h">
      <Filter>MapGen</Filter>
    </ClInclude>
    <ClInclude Include="MapCreator.h">
      <Filter>MapGen</Filter>
    </ClInclude>
    <ClInclude Include="MyRandom.h">
      <Filter>MapGen</Filter>
    </ClInclude>
    <ClInclude Include="Dodge.h">
      <Filter>Player</Filter>
    </ClInclude>
    <ClInclude Include="PlayerEntity.h">
      <Filter>Player</Filter>
    </ClInclude>
    <ClInclude Include="Text.h">
      <Filter>Text</Filter>
    </ClInclude>
    <ClInclude Include="DamageNumbers.h">
      <Filter>Text</Filter>
    </ClInclude>
    <ClInclude Include="Door.h">
      <Filter>Environmental Objects</Filter>
    </ClInclude>
    <ClInclude Include="Hazard.h">
      <Filter>Environmental Objects</Filter>
    </ClInclude>
    <ClInclude Include="Gate.h">
      <Filter>Environmental Objects</Filter>
    </ClInclude>
    <ClInclude Include="EnemyAIMeleeBehavior.h">
      <Filter>Enemies\EnemyAI</Filter>
    </ClInclude>
    <ClInclude Include="EnemyStateMachine.h">
      <Filter>Enemies\EnemyAI</Filter>
    </ClInclude>
    <ClInclude Include="EnemyAIRangedBehavior.h">
      <Filter>Enemies\EnemyAI</Filter>
    </ClInclude>
    <ClInclude Include="EnemyStateMachine.h" />
    <ClInclude Include="EntityAnimation.h" />
    <ClInclude Include="MapRoomInfo.h" />
    <ClInclude Include="Compass.h">
      <Filter>Menu/UI</Filter>
    </ClInclude>
    <ClInclude Include="Matrix2D.h">
      <Filter>Back End</Filter>
    </ClInclude>
    <ClInclude Include="ControlScreen.h" />
    <ClInclude Include="CreditsScreen.h" />
    <ClInclude Include="EnemyAIMeleeBigBehavior.h">
      <Filter>Enemies\EnemyAI</Filter>
    </ClInclude>
    <ClInclude Include="MapLevelSpawning.h">
      <Filter>MapGen</Filter>
    </ClInclude>
    <ClInclude Include="Isometric.h">
      <Filter>MapGen</Filter>
    </ClInclude>
    <ClInclude Include="Cloud.h">
      <Filter>Environmental Objects</Filter>
    </ClInclude>
    <ClInclude Include="PlayerHUD.h">
      <Filter>Menu/UI</Filter>
    </ClInclude>
    <ClInclude Include="EnvironmentalEffects.h">
      <Filter>Environmental Objects</Filter>
    </ClInclude>
    <ClInclude Include="FancyBackground.h">
      <Filter>Menu/UI</Filter>
    </ClInclude>
    <ClInclude Include="PlayerDeathTimer.h">
      <Filter>Player</Filter>
    </ClInclude>
    <ClInclude Include="EnvironmentAssets.h">
      <Filter>MapGen</Filter>
    </ClInclude>
    <ClInclude Include="PlayerSmoke.h">
      <Filter>Player</Filter>
    </ClInclude>
    <ClInclude Include="ColorFilter.h" />
    <ClInclude Include="EnemyAIMeleeChargerBehavior.h">
      <Filter>Enemies\EnemyAI</Filter>
    </ClInclude>
    <ClInclude Include="stats.h" />
    <ClInclude Include="LevelSelect.h">
      <Filter>Menu/UI</Filter>
    </ClInclude>
    <ClInclude Include="PlayerAnimations.h">
      <Filter>Player</Filter>
    </ClInclude>
    <ClInclude Include="EnemySpawnEffect.h">
      <Filter>Enemies</Filter>
    </ClInclude>
    <ClInclude Include="ScreenShake.h">
      <Filter>Player</Filter>
    </ClInclude>
    <ClInclude Include="HealthPickup.h" />
  </ItemGroup>
  <ItemGroup>
    <Filter Include="EnemyFiles">
      <UniqueIdentifier>{1da9aae2-fd68-4b9b-8226-2800ac14ceca}</UniqueIdentifier>
    </Filter>
    <Filter Include="Back End">
      <UniqueIdentifier>{e461faf4-4fd7-4b51-86be-32d100cb3a91}</UniqueIdentifier>
    </Filter>
    <Filter Include="Enemies">
      <UniqueIdentifier>{ef83058e-9d09-4e42-95b0-224d9a01de25}</UniqueIdentifier>
    </Filter>
    <Filter Include="Menu/UI">
      <UniqueIdentifier>{39296692-a01e-4d02-84b8-dd41f41145c3}</UniqueIdentifier>
    </Filter>
    <Filter Include="Physics">
      <UniqueIdentifier>{9fe239f0-106d-4777-8364-840bc473a9e8}</UniqueIdentifier>
    </Filter>
    <Filter Include="MapGen">
      <UniqueIdentifier>{b6215c8e-4882-4b5c-8e8d-7ae8ab0ade9d}</UniqueIdentifier>
    </Filter>
    <Filter Include="Player">
      <UniqueIdentifier>{214a3901-0d28-4fca-b187-3e716dd74b9c}</UniqueIdentifier>
    </Filter>
    <Filter Include="Text">
      <UniqueIdentifier>{e79eaa54-537f-4a05-90db-6538057a1c38}</UniqueIdentifier>
    </Filter>
    <Filter Include="Environmental Objects">
      <UniqueIdentifier>{d4af4932-55d9-4719-bd1e-9c61ed2c2f95}</UniqueIdentifier>
    </Filter>
    <Filter Include="Enemies\EnemyAI">
      <UniqueIdentifier>{1f5add3b-5ec5-4370-a712-b9f36955f6fb}</UniqueIdentifier>
    </Filter>
  </ItemGroup>
  <ItemGroup>
    <Text Include="EnemyMeleeBig.txt">
      <Filter>EnemyFiles</Filter>
    </Text>
    <Text Include="EnemyMelee.txt">
      <Filter>EnemyFiles</Filter>
    </Text>
    <Text Include="EnemyRanged.txt">
      <Filter>EnemyFiles</Filter>
    </Text>
    <Text Include="EnemyMeleeCharger.txt">
      <Filter>EnemyFiles</Filter>
    </Text>
  </ItemGroup>
</Project>